# This file was autogenerated by Stack.
# You should not edit this file by hand.
# For more information, please see the documentation at:
#   https://docs.haskellstack.org/en/stable/lock_files

packages: []
snapshots:
- completed:
    size: 516004
    url: https://raw.githubusercontent.com/commercialhaskell/stackage-snapshots/master/lts/8/21.yaml
    sha256: 7584cc49e31daa998a3d350076709ceb6c1edb72b76f7c6767597bd57cbea92b
  original: lts-8.21
