[{<<"color">>,
  {git,"git://github.com/julianduque/erlang-color.git",
       {ref,"2e538a3360cfdf47906929a04b9471a1f5320afe"}},
  1},
 {<<"tdiff">>,
  {git,"git://github.com/tomas-abrahamsson/tdiff.git",
       {ref,"bbb54ce20df388f2c7d01e8df30ef471ca98d0fb"}},
  1},
 {<<"unite">>,
  {git,"git://github.com/eproxus/unite.git",
       {ref,"b8887209963508622eec1bc67e5bd345d9d4fcaf"}},
  0}].
